Microsoft Visual Studio Solution File, Format Version 12.00
# Visual Studio Version 17
VisualStudioVersion = 17.5.2.0
MinimumVisualStudioVersion = 10.0.40219.1
Project("{FAE04EC0-301F-11D3-BF4B-00C04F79EFBC}") = "vueboard.api", "web-api\vueboard.api.csproj", "{AF36F29F-CC16-63C7-E701-4CACC159DDF7}"
EndProject
Project("{2150E333-8FDC-42A3-9474-1A3956D46DE8}") = "data-access", "data-access", "{C51AEAE5-84AF-48A6-96D1-163A6B1CFDB3}"
EndProject
Project("{FAE04EC0-301F-11D3-BF4B-00C04F79EFBC}") = "vueboard-repositories", "data-access\vueboard-repositories\vueboard-repositories.csproj", "{7018B504-A42A-4817-B6AB-2BE5B28BD7CC}"
EndProject
Project("{FAE04EC0-301F-11D3-BF4B-00C04F79EFBC}") = "vueboard-repositories-entity-framework", "data-access\vueboard-repositories-entity-framework\vueboard-repositories-entity-framework.csproj", "{36E33122-18A7-41C1-AEB2-16893AEEC64E}"
EndProject
Project("{2150E333-8FDC-42A3-9474-1A3956D46DE8}") = "server-utils", "server-utils", "{8D5D52B1-451F-4D03-9A91-5DB78E4020A9}"
EndProject
Project("{FAE04EC0-301F-11D3-BF4B-00C04F79EFBC}") = "vueboard.server.environment", "server-utils\vueboard-server-environment\vueboard.server.environment.csproj", "{90E408FF-1B66-42F5-A926-99121893E7B9}"
EndProject
Global
	GlobalSection(SolutionConfigurationPlatforms) = preSolution
		Debug|Any CPU = Debug|Any CPU
		Release|Any CPU = Release|Any CPU
	EndGlobalSection
	GlobalSection(ProjectConfigurationPlatforms) = postSolution
		{AF36F29F-CC16-63C7-E701-4CACC159DDF7}.Debug|Any CPU.ActiveCfg = Debug|Any CPU
		{AF36F29F-CC16-63C7-E701-4CACC159DDF7}.Debug|Any CPU.Build.0 = Debug|Any CPU
		{AF36F29F-CC16-63C7-E701-4CACC159DDF7}.Release|Any CPU.ActiveCfg = Release|Any CPU
		{AF36F29F-CC16-63C7-E701-4CACC159DDF7}.Release|Any CPU.Build.0 = Release|Any CPU
		{7018B504-A42A-4817-B6AB-2BE5B28BD7CC}.Debug|Any CPU.ActiveCfg = Debug|Any CPU
		{7018B504-A42A-4817-B6AB-2BE5B28BD7CC}.Debug|Any CPU.Build.0 = Debug|Any CPU
		{7018B504-A42A-4817-B6AB-2BE5B28BD7CC}.Release|Any CPU.ActiveCfg = Release|Any CPU
		{7018B504-A42A-4817-B6AB-2BE5B28BD7CC}.Release|Any CPU.Build.0 = Release|Any CPU
		{36E33122-18A7-41C1-AEB2-16893AEEC64E}.Debug|Any CPU.ActiveCfg = Debug|Any CPU
		{36E33122-18A7-41C1-AEB2-16893AEEC64E}.Debug|Any CPU.Build.0 = Debug|Any CPU
		{36E33122-18A7-41C1-AEB2-16893AEEC64E}.Release|Any CPU.ActiveCfg = Release|Any CPU
		{36E33122-18A7-41C1-AEB2-16893AEEC64E}.Release|Any CPU.Build.0 = Release|Any CPU
		{90E408FF-1B66-42F5-A926-99121893E7B9}.Debug|Any CPU.ActiveCfg = Debug|Any CPU
		{90E408FF-1B66-42F5-A926-99121893E7B9}.Debug|Any CPU.Build.0 = Debug|Any CPU
		{90E408FF-1B66-42F5-A926-99121893E7B9}.Release|Any CPU.ActiveCfg = Release|Any CPU
		{90E408FF-1B66-42F5-A926-99121893E7B9}.Release|Any CPU.Build.0 = Release|Any CPU
	EndGlobalSection
	GlobalSection(SolutionProperties) = preSolution
		HideSolutionNode = FALSE
	EndGlobalSection
	GlobalSection(ExtensibilityGlobals) = postSolution
		SolutionGuid = {761E8BC9-D25A-4816-A88D-1A4BFDFE66C2}
	EndGlobalSection
	GlobalSection(NestedProjects) = preSolution
		{7018B504-A42A-4817-B6AB-2BE5B28BD7CC} = {C51AEAE5-84AF-48A6-96D1-163A6B1CFDB3}
		{36E33122-18A7-41C1-AEB2-16893AEEC64E} = {C51AEAE5-84AF-48A6-96D1-163A6B1CFDB3}
		{90E408FF-1B66-42F5-A926-99121893E7B9} = {8D5D52B1-451F-4D03-9A91-5DB78E4020A9}
	EndGlobalSection
EndGlobal
